// !$*UTF8*$!
{
	archiveVersion = 1;
	classes = {
	};
	objectVersion = 55;
	objects = {

/* Begin PBXBuildFile section */
		0CA3EC6A293AB8FA0040CA3F /* AppDelegate.swift in Sources */ = {isa = PBXBuildFile; fileRef = 0CA3EC69293AB8FA0040CA3F /* AppDelegate.swift */; };
		0CA3EC6C293AB8FA0040CA3F /* SceneDelegate.swift in Sources */ = {isa = PBXBuildFile; fileRef = 0CA3EC6B293AB8FA0040CA3F /* SceneDelegate.swift */; };
		0CA3EC6E293AB8FA0040CA3F /* ViewController.swift in Sources */ = {isa = PBXBuildFile; fileRef = 0CA3EC6D293AB8FA0040CA3F /* ViewController.swift */; };
		0CA3EC71293AB8FA0040CA3F /* Main.storyboard in Resources */ = {isa = PBXBuildFile; fileRef = 0CA3EC6F293AB8FA0040CA3F /* Main.storyboard */; };
		0CA3EC73293AB8FE0040CA3F /* Assets.xcassets in Resources */ = {isa = PBXBuildFile; fileRef = 0CA3EC72293AB8FE0040CA3F /* Assets.xcassets */; };
		0CA3EC76293AB8FE0040CA3F /* LaunchScreen.storyboard in Resources */ = {isa = PBXBuildFile; fileRef = 0CA3EC74293AB8FE0040CA3F /* LaunchScreen.storyboard */; };
		0CA3EC83293ABA3D0040CA3F /* BaseNetworkManager.swift in Sources */ = {isa = PBXBuildFile; fileRef = 0CA3EC82293ABA3D0040CA3F /* BaseNetworkManager.swift */; };
		0CA3EC86293ABA5F0040CA3F /* Alamofire in Frameworks */ = {isa = PBXBuildFile; productRef = 0CA3EC85293ABA5F0040CA3F /* Alamofire */; };
		0CA3EC88293ABA970040CA3F /* BaseRequest.swift in Sources */ = {isa = PBXBuildFile; fileRef = 0CA3EC87293ABA970040CA3F /* BaseRequest.swift */; };
/* End PBXBuildFile section */

/* Begin PBXFileReference section */
		0CA3EC66293AB8FA0040CA3F /* MoviesApp.app */ = {isa = PBXFileReference; explicitFileType = wrapper.application; includeInIndex = 0; path = MoviesApp.app; sourceTree = BUILT_PRODUCTS_DIR; };
		0CA3EC69293AB8FA0040CA3F /* AppDelegate.swift */ = {isa = PBXFileReference; lastKnownFileType = sourcecode.swift; path = AppDelegate.swift; sourceTree = "<group>"; };
		0CA3EC6B293AB8FA0040CA3F /* SceneDelegate.swift */ = {isa = PBXFileReference; lastKnownFileType = sourcecode.swift; path = SceneDelegate.swift; sourceTree = "<group>"; };
		0CA3EC6D293AB8FA0040CA3F /* ViewController.swift */ = {isa = PBXFileReference; lastKnownFileType = sourcecode.swift; path = ViewController.swift; sourceTree = "<group>"; };
		0CA3EC70293AB8FA0040CA3F /* Base */ = {isa = PBXFileReference; lastKnownFileType = file.storyboard; name = Base; path = Base.lproj/Main.storyboard; sourceTree = "<group>"; };
		0CA3EC72293AB8FE0040CA3F /* Assets.xcassets */ = {isa = PBXFileReference; lastKnownFileType = folder.assetcatalog; path = Assets.xcassets; sourceTree = "<group>"; };
		0CA3EC75293AB8FE0040CA3F /* Base */ = {isa = PBXFileReference; lastKnownFileType = file.storyboard; name = Base; path = Base.lproj/LaunchScreen.storyboard; sourceTree = "<group>"; };
		0CA3EC77293AB8FE0040CA3F /* Info.plist */ = {isa = PBXFileReference; lastKnownFileType = text.plist.xml; path = Info.plist; sourceTree = "<group>"; };
		0CA3EC82293ABA3D0040CA3F /* BaseNetworkManager.swift */ = {isa = PBXFileReference; lastKnownFileType = sourcecode.swift; path = BaseNetworkManager.swift; sourceTree = "<group>"; };
		0CA3EC87293ABA970040CA3F /* BaseRequest.swift */ = {isa = PBXFileReference; lastKnownFileType = sourcecode.swift; path = BaseRequest.swift; sourceTree = "<group>"; };
/* End PBXFileReference section */

/* Begin PBXFrameworksBuildPhase section */
		0CA3EC63293AB8FA0040CA3F /* Frameworks */ = {
			isa = PBXFrameworksBuildPhase;
			buildActionMask = 2147483647;
			files = (
				0CA3EC86293ABA5F0040CA3F /* Alamofire in Frameworks */,
			);
			runOnlyForDeploymentPostprocessing = 0;
		};
/* End PBXFrameworksBuildPhase section */

/* Begin PBXGroup section */
		0CA3EC5D293AB8FA0040CA3F = {
			isa = PBXGroup;
			children = (
				0CA3EC68293AB8FA0040CA3F /* MoviesApp */,
				0CA3EC67293AB8FA0040CA3F /* Products */,
			);
			sourceTree = "<group>";
		};
		0CA3EC67293AB8FA0040CA3F /* Products */ = {
			isa = PBXGroup;
			children = (
				0CA3EC66293AB8FA0040CA3F /* MoviesApp.app */,
			);
			name = Products;
			sourceTree = "<group>";
		};
		0CA3EC68293AB8FA0040CA3F /* MoviesApp */ = {
			isa = PBXGroup;
			children = (
				0CA3EC7D293AB9AA0040CA3F /* Network */,
				0CA3EC69293AB8FA0040CA3F /* AppDelegate.swift */,
				0CA3EC6B293AB8FA0040CA3F /* SceneDelegate.swift */,
				0CA3EC6D293AB8FA0040CA3F /* ViewController.swift */,
				0CA3EC6F293AB8FA0040CA3F /* Main.storyboard */,
				0CA3EC72293AB8FE0040CA3F /* Assets.xcassets */,
				0CA3EC74293AB8FE0040CA3F /* LaunchScreen.storyboard */,
				0CA3EC77293AB8FE0040CA3F /* Info.plist */,
			);
			path = MoviesApp;
			sourceTree = "<group>";
		};
		0CA3EC7D293AB9AA0040CA3F /* Network */ = {
			isa = PBXGroup;
			children = (
				0CA3EC81293AB9D00040CA3F /* Search */,
				0CA3EC7F293AB9BA0040CA3F /* Movies */,
				0CA3EC80293AB9C30040CA3F /* MoviesDetail */,
				0CA3EC7E293AB9B20040CA3F /* Core */,
			);
			path = Network;
			sourceTree = "<group>";
		};
		0CA3EC7E293AB9B20040CA3F /* Core */ = {
			isa = PBXGroup;
			children = (
				0CA3EC82293ABA3D0040CA3F /* BaseNetworkManager.swift */,
				0CA3EC87293ABA970040CA3F /* BaseRequest.swift */,
			);
			path = Core;
			sourceTree = "<group>";
		};
		0CA3EC7F293AB9BA0040CA3F /* Movies */ = {
			isa = PBXGroup;
			children = (
			);
			path = Movies;
			sourceTree = "<group>";
		};
		0CA3EC80293AB9C30040CA3F /* MoviesDetail */ = {
			isa = PBXGroup;
			children = (
			);
			path = MoviesDetail;
			sourceTree = "<group>";
		};
		0CA3EC81293AB9D00040CA3F /* Search */ = {
			isa = PBXGroup;
			children = (
			);
			path = Search;
			sourceTree = "<group>";
		};
/* End PBXGroup section */

/* Begin PBXNativeTarget section */
		0CA3EC65293AB8FA0040CA3F /* MoviesApp */ = {
			isa = PBXNativeTarget;
			buildConfigurationList = 0CA3EC7A293AB8FE0040CA3F /* Build configuration list for PBXNativeTarget "MoviesApp" */;
			buildPhases = (
				0CA3EC62293AB8FA0040CA3F /* Sources */,
				0CA3EC63293AB8FA0040CA3F /* Frameworks */,
				0CA3EC64293AB8FA0040CA3F /* Resources */,
			);
			buildRules = (
			);
			dependencies = (
			);
			name = MoviesApp;
			packageProductDependencies = (
				0CA3EC85293ABA5F0040CA3F /* Alamofire */,
			);
			productName = MoviesApp;
			productReference = 0CA3EC66293AB8FA0040CA3F /* MoviesApp.app */;
			productType = "com.apple.product-type.application";
		};
/* End PBXNativeTarget section */

/* Begin PBXProject section */
		0CA3EC5E293AB8FA0040CA3F /* Project object */ = {
			isa = PBXProject;
			attributes = {
				BuildIndependentTargetsInParallel = 1;
				LastSwiftUpdateCheck = 1320;
				LastUpgradeCheck = 1320;
				TargetAttributes = {
					0CA3EC65293AB8FA0040CA3F = {
						CreatedOnToolsVersion = 13.2.1;
					};
				};
			};
			buildConfigurationList = 0CA3EC61293AB8FA0040CA3F /* Build configuration list for PBXProject "MoviesApp" */;
			compatibilityVersion = "Xcode 13.0";
			developmentRegion = en;
			hasScannedForEncodings = 0;
			knownRegions = (
				en,
				Base,
			);
			mainGroup = 0CA3EC5D293AB8FA0040CA3F;
			packageReferences = (
				0CA3EC84293ABA5F0040CA3F /* XCRemoteSwiftPackageReference "Alamofire" */,
			);
			productRefGroup = 0CA3EC67293AB8FA0040CA3F /* Products */;
			projectDirPath = "";
			projectRoot = "";
			targets = (
				0CA3EC65293AB8FA0040CA3F /* MoviesApp */,
			);
		};
/* End PBXProject section */

/* Begin PBXResourcesBuildPhase section */
		0CA3EC64293AB8FA0040CA3F /* Resources */ = {
			isa = PBXResourcesBuildPhase;
			buildActionMask = 2147483647;
			files = (
				0CA3EC76293AB8FE0040CA3F /* LaunchScreen.storyboard in Resources */,
				0CA3EC73293AB8FE0040CA3F /* Assets.xcassets in Resources */,
				0CA3EC71293AB8FA0040CA3F /* Main.storyboard in Resources */,
			);
			runOnlyForDeploymentPostprocessing = 0;
		};
/* End PBXResourcesBuildPhase section */

/* Begin PBXSourcesBuildPhase section */
		0CA3EC62293AB8FA0040CA3F /* Sources */ = {
			isa = PBXSourcesBuildPhase;
			buildActionMask = 2147483647;
			files = (
				0CA3EC88293ABA970040CA3F /* BaseRequest.swift in Sources */,
				0CA3EC6E293AB8FA0040CA3F /* ViewController.swift in Sources */,
				0CA3EC6A293AB8FA0040CA3F /* AppDelegate.swift in Sources */,
				0CA3EC83293ABA3D0040CA3F /* BaseNetworkManager.swift in Sources */,
				0CA3EC6C293AB8FA0040CA3F /* SceneDelegate.swift in Sources */,
			);
			runOnlyForDeploymentPostprocessing = 0;
		};
/* End PBXSourcesBuildPhase section */

/* Begin PBXVariantGroup section */
		0CA3EC6F293AB8FA0040CA3F /* Main.storyboard */ = {
			isa = PBXVariantGroup;
			children = (
				0CA3EC70293AB8FA0040CA3F /* Base */,
			);
			name = Main.storyboard;
			sourceTree = "<group>";
		};
		0CA3EC74293AB8FE0040CA3F /* LaunchScreen.storyboard */ = {
			isa = PBXVariantGroup;
			children = (
				0CA3EC75293AB8FE0040CA3F /* Base */,
			);
			name = LaunchScreen.storyboard;
			sourceTree = "<group>";
		};
/* End PBXVariantGroup section */

/* Begin XCBuildConfiguration section */
		0CA3EC78293AB8FE0040CA3F /* Debug */ = {
			isa = XCBuildConfiguration;
			buildSettings = {
				ALWAYS_SEARCH_USER_PATHS = NO;
				CLANG_ANALYZER_NONNULL = YES;
				CLANG_ANALYZER_NUMBER_OBJECT_CONVERSION = YES_AGGRESSIVE;
				CLANG_CXX_LANGUAGE_STANDARD = "gnu++17";
				CLANG_CXX_LIBRARY = "libc++";
				CLANG_ENABLE_MODULES = YES;
				CLANG_ENABLE_OBJC_ARC = YES;
				CLANG_ENABLE_OBJC_WEAK = YES;
				CLANG_WARN_BLOCK_CAPTURE_AUTORELEASING = YES;
				CLANG_WARN_BOOL_CONVERSION = YES;
				CLANG_WARN_COMMA = YES;
				CLANG_WARN_CONSTANT_CONVERSION = YES;
				CLANG_WARN_DEPRECATED_OBJC_IMPLEMENTATIONS = YES;
				CLANG_WARN_DIRECT_OBJC_ISA_USAGE = YES_ERROR;
				CLANG_WARN_DOCUMENTATION_COMMENTS = YES;
				CLANG_WARN_EMPTY_BODY = YES;
				CLANG_WARN_ENUM_CONVERSION = YES;
				CLANG_WARN_INFINITE_RECURSION = YES;
				CLANG_WARN_INT_CONVERSION = YES;
				CLANG_WARN_NON_LITERAL_NULL_CONVERSION = YES;
				CLANG_WARN_OBJC_IMPLICIT_RETAIN_SELF = YES;
				CLANG_WARN_OBJC_LITERAL_CONVERSION = YES;
				CLANG_WARN_OBJC_ROOT_CLASS = YES_ERROR;
				CLANG_WARN_QUOTED_INCLUDE_IN_FRAMEWORK_HEADER = YES;
				CLANG_WARN_RANGE_LOOP_ANALYSIS = YES;
				CLANG_WARN_STRICT_PROTOTYPES = YES;
				CLANG_WARN_SUSPICIOUS_MOVE = YES;
				CLANG_WARN_UNGUARDED_AVAILABILITY = YES_AGGRESSIVE;
				CLANG_WARN_UNREACHABLE_CODE = YES;
				CLANG_WARN__DUPLICATE_METHOD_MATCH = YES;
				COPY_PHASE_STRIP = NO;
				DEBUG_INFORMATION_FORMAT = dwarf;
				ENABLE_STRICT_OBJC_MSGSEND = YES;
				ENABLE_TESTABILITY = YES;
				GCC_C_LANGUAGE_STANDARD = gnu11;
				GCC_DYNAMIC_NO_PIC = NO;
				GCC_NO_COMMON_BLOCKS = YES;
				GCC_OPTIMIZATION_LEVEL = 0;
				GCC_PREPROCESSOR_DEFINITIONS = (
					"DEBUG=1",
					"$(inherited)",
				);
				GCC_WARN_64_TO_32_BIT_CONVERSION = YES;
				GCC_WARN_ABOUT_RETURN_TYPE = YES_ERROR;
				GCC_WARN_UNDECLARED_SELECTOR = YES;
				GCC_WARN_UNINITIALIZED_AUTOS = YES_AGGRESSIVE;
				GCC_WARN_UNUSED_FUNCTION = YES;
				GCC_WARN_UNUSED_VARIABLE = YES;
				IPHONEOS_DEPLOYMENT_TARGET = 15.2;
				MTL_ENABLE_DEBUG_INFO = INCLUDE_SOURCE;
				MTL_FAST_MATH = YES;
				ONLY_ACTIVE_ARCH = YES;
				SDKROOT = iphoneos;
				SWIFT_ACTIVE_COMPILATION_CONDITIONS = DEBUG;
				SWIFT_OPTIMIZATION_LEVEL = "-Onone";
			};
			name = Debug;
		};
		0CA3EC79293AB8FE0040CA3F /* Release */ = {
			isa = XCBuildConfiguration;
			buildSettings = {
				ALWAYS_SEARCH_USER_PATHS = NO;
				CLANG_ANALYZER_NONNULL = YES;
				CLANG_ANALYZER_NUMBER_OBJECT_CONVERSION = YES_AGGRESSIVE;
				CLANG_CXX_LANGUAGE_STANDARD = "gnu++17";
				CLANG_CXX_LIBRARY = "libc++";
				CLANG_ENABLE_MODULES = YES;
				CLANG_ENABLE_OBJC_ARC = YES;
				CLANG_ENABLE_OBJC_WEAK = YES;
				CLANG_WARN_BLOCK_CAPTURE_AUTORELEASING = YES;
				CLANG_WARN_BOOL_CONVERSION = YES;
				CLANG_WARN_COMMA = YES;
				CLANG_WARN_CONSTANT_CONVERSION = YES;
				CLANG_WARN_DEPRECATED_OBJC_IMPLEMENTATIONS = YES;
				CLANG_WARN_DIRECT_OBJC_ISA_USAGE = YES_ERROR;
				CLANG_WARN_DOCUMENTATION_COMMENTS = YES;
				CLANG_WARN_EMPTY_BODY = YES;
				CLANG_WARN_ENUM_CONVERSION = YES;
				CLANG_WARN_INFINITE_RECURSION = YES;
				CLANG_WARN_INT_CONVERSION = YES;
				CLANG_WARN_NON_LITERAL_NULL_CONVERSION = YES;
				CLANG_WARN_OBJC_IMPLICIT_RETAIN_SELF = YES;
				CLANG_WARN_OBJC_LITERAL_CONVERSION = YES;
				CLANG_WARN_OBJC_ROOT_CLASS = YES_ERROR;
				CLANG_WARN_QUOTED_INCLUDE_IN_FRAMEWORK_HEADER = YES;
				CLANG_WARN_RANGE_LOOP_ANALYSIS = YES;
				CLANG_WARN_STRICT_PROTOTYPES = YES;
				CLANG_WARN_SUSPICIOUS_MOVE = YES;
				CLANG_WARN_UNGUARDED_AVAILABILITY = YES_AGGRESSIVE;
				CLANG_WARN_UNREACHABLE_CODE = YES;
				CLANG_WARN__DUPLICATE_METHOD_MATCH = YES;
				COPY_PHASE_STRIP = NO;
				DEBUG_INFORMATION_FORMAT = "dwarf-with-dsym";
				ENABLE_NS_ASSERTIONS = NO;
				ENABLE_STRICT_OBJC_MSGSEND = YES;
				GCC_C_LANGUAGE_STANDARD = gnu11;
				GCC_NO_COMMON_BLOCKS = YES;
				GCC_WARN_64_TO_32_BIT_CONVERSION = YES;
				GCC_WARN_ABOUT_RETURN_TYPE = YES_ERROR;
				GCC_WARN_UNDECLARED_SELECTOR = YES;
				GCC_WARN_UNINITIALIZED_AUTOS = YES_AGGRESSIVE;
				GCC_WARN_UNUSED_FUNCTION = YES;
				GCC_WARN_UNUSED_VARIABLE = YES;
				IPHONEOS_DEPLOYMENT_TARGET = 15.2;
				MTL_ENABLE_DEBUG_INFO = NO;
				MTL_FAST_MATH = YES;
				SDKROOT = iphoneos;
				SWIFT_COMPILATION_MODE = wholemodule;
				SWIFT_OPTIMIZATION_LEVEL = "-O";
				VALIDATE_PRODUCT = YES;
			};
			name = Release;
		};
		0CA3EC7B293AB8FE0040CA3F /* Debug */ = {
			isa = XCBuildConfiguration;
			buildSettings = {
				ASSETCATALOG_COMPILER_APPICON_NAME = AppIcon;
				ASSETCATALOG_COMPILER_GLOBAL_ACCENT_COLOR_NAME = AccentColor;
				CODE_SIGN_STYLE = Automatic;
				CURRENT_PROJECT_VERSION = 1;
				DEVELOPMENT_TEAM = Y3RD9XZC35;
				GENERATE_INFOPLIST_FILE = YES;
				INFOPLIST_FILE = MoviesApp/Info.plist;
				INFOPLIST_KEY_UIApplicationSupportsIndirectInputEvents = YES;
				INFOPLIST_KEY_UILaunchStoryboardName = LaunchScreen;
				INFOPLIST_KEY_UIMainStoryboardFile = Main;
				INFOPLIST_KEY_UISupportedInterfaceOrientations_iPad = "UIInterfaceOrientationPortrait UIInterfaceOrientationPortraitUpsideDown UIInterfaceOrientationLandscapeLeft UIInterfaceOrientationLandscapeRight";
				INFOPLIST_KEY_UISupportedInterfaceOrientations_iPhone = "UIInterfaceOrientationPortrait UIInterfaceOrientationLandscapeLeft UIInterfaceOrientationLandscapeRight";
				LD_RUNPATH_SEARCH_PATHS = (
					"$(inherited)",
					"@executable_path/Frameworks",
				);
				MARKETING_VERSION = 1.0;
				PRODUCT_BUNDLE_IDENTIFIER = ISMAIL.PALALI.MoviesApp;
				PRODUCT_NAME = "$(TARGET_NAME)";
				SWIFT_EMIT_LOC_STRINGS = YES;
				SWIFT_VERSION = 5.0;
				TARGETED_DEVICE_FAMILY = "1,2";
			};
			name = Debug;
		};
		0CA3EC7C293AB8FE0040CA3F /* Release */ = {
			isa = XCBuildConfiguration;
			buildSettings = {
				ASSETCATALOG_COMPILER_APPICON_NAME = AppIcon;
				ASSETCATALOG_COMPILER_GLOBAL_ACCENT_COLOR_NAME = AccentColor;
				CODE_SIGN_STYLE = Automatic;
				CURRENT_PROJECT_VERSION = 1;
				DEVELOPMENT_TEAM = Y3RD9XZC35;
				GENERATE_INFOPLIST_FILE = YES;
				INFOPLIST_FILE = MoviesApp/Info.plist;
				INFOPLIST_KEY_UIApplicationSupportsIndirectInputEvents = YES;
				INFOPLIST_KEY_UILaunchStoryboardName = LaunchScreen;
				INFOPLIST_KEY_UIMainStoryboardFile = Main;
				INFOPLIST_KEY_UISupportedInterfaceOrientations_iPad = "UIInterfaceOrientationPortrait UIInterfaceOrientationPortraitUpsideDown UIInterfaceOrientationLandscapeLeft UIInterfaceOrientationLandscapeRight";
				INFOPLIST_KEY_UISupportedInterfaceOrientations_iPhone = "UIInterfaceOrientationPortrait UIInterfaceOrientationLandscapeLeft UIInterfaceOrientationLandscapeRight";
				LD_RUNPATH_SEARCH_PATHS = (
					"$(inherited)",
					"@executable_path/Frameworks",
				);
				MARKETING_VERSION = 1.0;
				PRODUCT_BUNDLE_IDENTIFIER = ISMAIL.PALALI.MoviesApp;
				PRODUCT_NAME = "$(TARGET_NAME)";
				SWIFT_EMIT_LOC_STRINGS = YES;
				SWIFT_VERSION = 5.0;
				TARGETED_DEVICE_FAMILY = "1,2";
			};
			name = Release;
		};
/* End XCBuildConfiguration section */

/* Begin XCConfigurationList section */
		0CA3EC61293AB8FA0040CA3F /* Build configuration list for PBXProject "MoviesApp" */ = {
			isa = XCConfigurationList;
			buildConfigurations = (
				0CA3EC78293AB8FE0040CA3F /* Debug */,
				0CA3EC79293AB8FE0040CA3F /* Release */,
			);
			defaultConfigurationIsVisible = 0;
			defaultConfigurationName = Release;
		};
		0CA3EC7A293AB8FE0040CA3F /* Build configuration list for PBXNativeTarget "MoviesApp" */ = {
			isa = XCConfigurationList;
			buildConfigurations = (
				0CA3EC7B293AB8FE0040CA3F /* Debug */,
				0CA3EC7C293AB8FE0040CA3F /* Release */,
			);
			defaultConfigurationIsVisible = 0;
			defaultConfigurationName = Release;
		};
/* End XCConfigurationList section */

/* Begin XCRemoteSwiftPackageReference section */
		0CA3EC84293ABA5F0040CA3F /* XCRemoteSwiftPackageReference "Alamofire" */ = {
			isa = XCRemoteSwiftPackageReference;
			repositoryURL = "https://github.com/Alamofire/Alamofire";
			requirement = {
				kind = upToNextMajorVersion;
				minimumVersion = 5.0.0;
			};
		};
/* End XCRemoteSwiftPackageReference section */

/* Begin XCSwiftPackageProductDependency section */
		0CA3EC85293ABA5F0040CA3F /* Alamofire */ = {
			isa = XCSwiftPackageProductDependency;
			package = 0CA3EC84293ABA5F0040CA3F /* XCRemoteSwiftPackageReference "Alamofire" */;
			productName = Alamofire;
		};
/* End XCSwiftPackageProductDependency section */
	};
	rootObject = 0CA3EC5E293AB8FA0040CA3F /* Project object */;
}
