// !$*UTF8*$!
{
	archiveVersion = 1;
	classes = {
	};
	objectVersion = 55;
	objects = {

/* Begin PBXBuildFile section */
		0C136CBC293AC82A00984E22 /* MoviesViewModel.swift in Sources */ = {isa = PBXBuildFile; fileRef = 0C136CBB293AC82A00984E22 /* MoviesViewModel.swift */; };
		0C136CCD293B47AE00984E22 /* DateFormatter+Extension.swift in Sources */ = {isa = PBXBuildFile; fileRef = 0C136CCC293B47AE00984E22 /* DateFormatter+Extension.swift */; };
		0C136CCF293B4B6400984E22 /* MoviesViewController.swift in Sources */ = {isa = PBXBuildFile; fileRef = 0C136CCE293B4B6400984E22 /* MoviesViewController.swift */; };
		0C136CD1293B4FB400984E22 /* MovieTableViewCell.swift in Sources */ = {isa = PBXBuildFile; fileRef = 0C136CD0293B4FB400984E22 /* MovieTableViewCell.swift */; };
		0C136CD3293B529600984E22 /* Reachability.swift in Sources */ = {isa = PBXBuildFile; fileRef = 0C136CD2293B529600984E22 /* Reachability.swift */; };
		0C136CD6293B5ABD00984E22 /* MovieDetailView.swift in Sources */ = {isa = PBXBuildFile; fileRef = 0C136CD5293B5ABD00984E22 /* MovieDetailView.swift */; };
		0C136CD9293B5BF300984E22 /* MoviesDetailViewModel.swift in Sources */ = {isa = PBXBuildFile; fileRef = 0C136CD8293B5BF300984E22 /* MoviesDetailViewModel.swift */; };
		0C136CDB293B5C8300984E22 /* MovieDetailViewController.swift in Sources */ = {isa = PBXBuildFile; fileRef = 0C136CDA293B5C8300984E22 /* MovieDetailViewController.swift */; };
		0C136CDE293B64CC00984E22 /* NetworkConstans.swift in Sources */ = {isa = PBXBuildFile; fileRef = 0C136CDD293B64CC00984E22 /* NetworkConstans.swift */; };
		0C136CE0293B656000984E22 /* String+Extension.swift in Sources */ = {isa = PBXBuildFile; fileRef = 0C136CDF293B656000984E22 /* String+Extension.swift */; };
		0C136CE2293B658600984E22 /* Int+Extension.swift in Sources */ = {isa = PBXBuildFile; fileRef = 0C136CE1293B658600984E22 /* Int+Extension.swift */; };
		0C136CE4293B65E000984E22 /* Optional+Extension.swift in Sources */ = {isa = PBXBuildFile; fileRef = 0C136CE3293B65E000984E22 /* Optional+Extension.swift */; };
		0C218D3E293B7109004501CD /* Kingfisher in Frameworks */ = {isa = PBXBuildFile; productRef = 0C218D3D293B7109004501CD /* Kingfisher */; };
		0C218D41293B713E004501CD /* Alamofire in Frameworks */ = {isa = PBXBuildFile; productRef = 0C218D40293B713E004501CD /* Alamofire */; };
		0C218D44293B716C004501CD /* SnapKit in Frameworks */ = {isa = PBXBuildFile; productRef = 0C218D43293B716C004501CD /* SnapKit */; };
		0C218D46293B7551004501CD /* MoviesView.swift in Sources */ = {isa = PBXBuildFile; fileRef = 0C218D45293B7551004501CD /* MoviesView.swift */; };
		0C218D48293B8AEE004501CD /* MovieSimilarRequest.swift in Sources */ = {isa = PBXBuildFile; fileRef = 0C218D47293B8AEE004501CD /* MovieSimilarRequest.swift */; };
		0C218D4B293B8FA5004501CD /* MoviesCollectionViewCell.swift in Sources */ = {isa = PBXBuildFile; fileRef = 0C218D4A293B8FA5004501CD /* MoviesCollectionViewCell.swift */; };
		0C218D51293BB1F1004501CD /* MovieSearchRequest.swift in Sources */ = {isa = PBXBuildFile; fileRef = 0C218D50293BB1F1004501CD /* MovieSearchRequest.swift */; };
		0C218D54293BC874004501CD /* FirebaseAnalytics in Frameworks */ = {isa = PBXBuildFile; productRef = 0C218D53293BC874004501CD /* FirebaseAnalytics */; };
		0C218D56293BC874004501CD /* FirebaseRemoteConfig in Frameworks */ = {isa = PBXBuildFile; productRef = 0C218D55293BC874004501CD /* FirebaseRemoteConfig */; };
		0C218D58293BCAC9004501CD /* GoogleService-Info.plist in Resources */ = {isa = PBXBuildFile; fileRef = 0C218D57293BCAC9004501CD /* GoogleService-Info.plist */; };
		0CA1579D293B6A0C004D89ED /* Service.swift in Sources */ = {isa = PBXBuildFile; fileRef = 0CA1579C293B6A0C004D89ED /* Service.swift */; };
		0CA3EC6A293AB8FA0040CA3F /* AppDelegate.swift in Sources */ = {isa = PBXBuildFile; fileRef = 0CA3EC69293AB8FA0040CA3F /* AppDelegate.swift */; };
		0CA3EC6C293AB8FA0040CA3F /* SceneDelegate.swift in Sources */ = {isa = PBXBuildFile; fileRef = 0CA3EC6B293AB8FA0040CA3F /* SceneDelegate.swift */; };
		0CA3EC73293AB8FE0040CA3F /* Assets.xcassets in Resources */ = {isa = PBXBuildFile; fileRef = 0CA3EC72293AB8FE0040CA3F /* Assets.xcassets */; };
		0CA3EC76293AB8FE0040CA3F /* LaunchScreen.storyboard in Resources */ = {isa = PBXBuildFile; fileRef = 0CA3EC74293AB8FE0040CA3F /* LaunchScreen.storyboard */; };
		0CA3EC83293ABA3D0040CA3F /* BaseNetworkManager.swift in Sources */ = {isa = PBXBuildFile; fileRef = 0CA3EC82293ABA3D0040CA3F /* BaseNetworkManager.swift */; };
		0CA3EC88293ABA970040CA3F /* BaseHelper.swift in Sources */ = {isa = PBXBuildFile; fileRef = 0CA3EC87293ABA970040CA3F /* BaseHelper.swift */; };
		0CA3EC8A293ABC0E0040CA3F /* MovieUpcomingRequest.swift in Sources */ = {isa = PBXBuildFile; fileRef = 0CA3EC89293ABC0E0040CA3F /* MovieUpcomingRequest.swift */; };
		0CA3EC92293ABDB80040CA3F /* Movie.swift in Sources */ = {isa = PBXBuildFile; fileRef = 0CA3EC91293ABDB80040CA3F /* Movie.swift */; };
		0CA3EC95293ABE850040CA3F /* MovieDetail.swift in Sources */ = {isa = PBXBuildFile; fileRef = 0CA3EC94293ABE850040CA3F /* MovieDetail.swift */; };
		0CA3EC97293ABEFF0040CA3F /* MovieDetailRequest.swift in Sources */ = {isa = PBXBuildFile; fileRef = 0CA3EC96293ABEFF0040CA3F /* MovieDetailRequest.swift */; };
		0CA3EC99293ABF7D0040CA3F /* MoviesDetailManager.swift in Sources */ = {isa = PBXBuildFile; fileRef = 0CA3EC98293ABF7D0040CA3F /* MoviesDetailManager.swift */; };
/* End PBXBuildFile section */

/* Begin PBXFileReference section */
		0C136CBB293AC82A00984E22 /* MoviesViewModel.swift */ = {isa = PBXFileReference; lastKnownFileType = sourcecode.swift; path = MoviesViewModel.swift; sourceTree = "<group>"; };
		0C136CCC293B47AE00984E22 /* DateFormatter+Extension.swift */ = {isa = PBXFileReference; lastKnownFileType = sourcecode.swift; path = "DateFormatter+Extension.swift"; sourceTree = "<group>"; };
		0C136CCE293B4B6400984E22 /* MoviesViewController.swift */ = {isa = PBXFileReference; lastKnownFileType = sourcecode.swift; path = MoviesViewController.swift; sourceTree = "<group>"; };
		0C136CD0293B4FB400984E22 /* MovieTableViewCell.swift */ = {isa = PBXFileReference; lastKnownFileType = sourcecode.swift; path = MovieTableViewCell.swift; sourceTree = "<group>"; };
		0C136CD2293B529600984E22 /* Reachability.swift */ = {isa = PBXFileReference; lastKnownFileType = sourcecode.swift; path = Reachability.swift; sourceTree = "<group>"; };
		0C136CD5293B5ABD00984E22 /* MovieDetailView.swift */ = {isa = PBXFileReference; lastKnownFileType = sourcecode.swift; path = MovieDetailView.swift; sourceTree = "<group>"; };
		0C136CD8293B5BF300984E22 /* MoviesDetailViewModel.swift */ = {isa = PBXFileReference; lastKnownFileType = sourcecode.swift; path = MoviesDetailViewModel.swift; sourceTree = "<group>"; };
		0C136CDA293B5C8300984E22 /* MovieDetailViewController.swift */ = {isa = PBXFileReference; lastKnownFileType = sourcecode.swift; path = MovieDetailViewController.swift; sourceTree = "<group>"; };
		0C136CDD293B64CC00984E22 /* NetworkConstans.swift */ = {isa = PBXFileReference; lastKnownFileType = sourcecode.swift; path = NetworkConstans.swift; sourceTree = "<group>"; };
		0C136CDF293B656000984E22 /* String+Extension.swift */ = {isa = PBXFileReference; lastKnownFileType = sourcecode.swift; path = "String+Extension.swift"; sourceTree = "<group>"; };
		0C136CE1293B658600984E22 /* Int+Extension.swift */ = {isa = PBXFileReference; lastKnownFileType = sourcecode.swift; path = "Int+Extension.swift"; sourceTree = "<group>"; };
		0C136CE3293B65E000984E22 /* Optional+Extension.swift */ = {isa = PBXFileReference; lastKnownFileType = sourcecode.swift; path = "Optional+Extension.swift"; sourceTree = "<group>"; };
		0C218D45293B7551004501CD /* MoviesView.swift */ = {isa = PBXFileReference; lastKnownFileType = sourcecode.swift; path = MoviesView.swift; sourceTree = "<group>"; };
		0C218D47293B8AEE004501CD /* MovieSimilarRequest.swift */ = {isa = PBXFileReference; lastKnownFileType = sourcecode.swift; path = MovieSimilarRequest.swift; sourceTree = "<group>"; };
		0C218D4A293B8FA5004501CD /* MoviesCollectionViewCell.swift */ = {isa = PBXFileReference; lastKnownFileType = sourcecode.swift; path = MoviesCollectionViewCell.swift; sourceTree = "<group>"; };
		0C218D50293BB1F1004501CD /* MovieSearchRequest.swift */ = {isa = PBXFileReference; lastKnownFileType = sourcecode.swift; path = MovieSearchRequest.swift; sourceTree = "<group>"; };
		0C218D57293BCAC9004501CD /* GoogleService-Info.plist */ = {isa = PBXFileReference; fileEncoding = 4; lastKnownFileType = text.plist.xml; path = "GoogleService-Info.plist"; sourceTree = "<group>"; };
		0CA1579C293B6A0C004D89ED /* Service.swift */ = {isa = PBXFileReference; lastKnownFileType = sourcecode.swift; path = Service.swift; sourceTree = "<group>"; };
		0CA3EC66293AB8FA0040CA3F /* MoviesApp.app */ = {isa = PBXFileReference; explicitFileType = wrapper.application; includeInIndex = 0; path = MoviesApp.app; sourceTree = BUILT_PRODUCTS_DIR; };
		0CA3EC69293AB8FA0040CA3F /* AppDelegate.swift */ = {isa = PBXFileReference; lastKnownFileType = sourcecode.swift; path = AppDelegate.swift; sourceTree = "<group>"; };
		0CA3EC6B293AB8FA0040CA3F /* SceneDelegate.swift */ = {isa = PBXFileReference; lastKnownFileType = sourcecode.swift; path = SceneDelegate.swift; sourceTree = "<group>"; };
		0CA3EC72293AB8FE0040CA3F /* Assets.xcassets */ = {isa = PBXFileReference; lastKnownFileType = folder.assetcatalog; path = Assets.xcassets; sourceTree = "<group>"; };
		0CA3EC75293AB8FE0040CA3F /* Base */ = {isa = PBXFileReference; lastKnownFileType = file.storyboard; name = Base; path = Base.lproj/LaunchScreen.storyboard; sourceTree = "<group>"; };
		0CA3EC77293AB8FE0040CA3F /* Info.plist */ = {isa = PBXFileReference; lastKnownFileType = text.plist.xml; path = Info.plist; sourceTree = "<group>"; };
		0CA3EC82293ABA3D0040CA3F /* BaseNetworkManager.swift */ = {isa = PBXFileReference; lastKnownFileType = sourcecode.swift; path = BaseNetworkManager.swift; sourceTree = "<group>"; };
		0CA3EC87293ABA970040CA3F /* BaseHelper.swift */ = {isa = PBXFileReference; lastKnownFileType = sourcecode.swift; path = BaseHelper.swift; sourceTree = "<group>"; };
		0CA3EC89293ABC0E0040CA3F /* MovieUpcomingRequest.swift */ = {isa = PBXFileReference; lastKnownFileType = sourcecode.swift; path = MovieUpcomingRequest.swift; sourceTree = "<group>"; };
		0CA3EC91293ABDB80040CA3F /* Movie.swift */ = {isa = PBXFileReference; lastKnownFileType = sourcecode.swift; path = Movie.swift; sourceTree = "<group>"; };
		0CA3EC94293ABE850040CA3F /* MovieDetail.swift */ = {isa = PBXFileReference; lastKnownFileType = sourcecode.swift; path = MovieDetail.swift; sourceTree = "<group>"; };
		0CA3EC96293ABEFF0040CA3F /* MovieDetailRequest.swift */ = {isa = PBXFileReference; lastKnownFileType = sourcecode.swift; path = MovieDetailRequest.swift; sourceTree = "<group>"; };
		0CA3EC98293ABF7D0040CA3F /* MoviesDetailManager.swift */ = {isa = PBXFileReference; lastKnownFileType = sourcecode.swift; path = MoviesDetailManager.swift; sourceTree = "<group>"; };
/* End PBXFileReference section */

/* Begin PBXFrameworksBuildPhase section */
		0CA3EC63293AB8FA0040CA3F /* Frameworks */ = {
			isa = PBXFrameworksBuildPhase;
			buildActionMask = 2147483647;
			files = (
				0C218D44293B716C004501CD /* SnapKit in Frameworks */,
				0C218D3E293B7109004501CD /* Kingfisher in Frameworks */,
				0C218D54293BC874004501CD /* FirebaseAnalytics in Frameworks */,
				0C218D41293B713E004501CD /* Alamofire in Frameworks */,
				0C218D56293BC874004501CD /* FirebaseRemoteConfig in Frameworks */,
			);
			runOnlyForDeploymentPostprocessing = 0;
		};
/* End PBXFrameworksBuildPhase section */

/* Begin PBXGroup section */
		0C136CB9293AC5EA00984E22 /* View */ = {
			isa = PBXGroup;
			children = (
				0C136CC3293AD44F00984E22 /* Cell */,
				0C136CCE293B4B6400984E22 /* MoviesViewController.swift */,
				0C218D45293B7551004501CD /* MoviesView.swift */,
			);
			path = View;
			sourceTree = "<group>";
		};
		0C136CBA293AC80E00984E22 /* ViewModel */ = {
			isa = PBXGroup;
			children = (
				0C136CBB293AC82A00984E22 /* MoviesViewModel.swift */,
			);
			path = ViewModel;
			sourceTree = "<group>";
		};
		0C136CC3293AD44F00984E22 /* Cell */ = {
			isa = PBXGroup;
			children = (
				0C136CD0293B4FB400984E22 /* MovieTableViewCell.swift */,
			);
			path = Cell;
			sourceTree = "<group>";
		};
		0C136CCA293B478100984E22 /* Helper */ = {
			isa = PBXGroup;
			children = (
				0C136CDC293B64BB00984E22 /* Constans */,
				0C136CCB293B479300984E22 /* Extension */,
				0C136CD2293B529600984E22 /* Reachability.swift */,
			);
			path = Helper;
			sourceTree = "<group>";
		};
		0C136CCB293B479300984E22 /* Extension */ = {
			isa = PBXGroup;
			children = (
				0C136CCC293B47AE00984E22 /* DateFormatter+Extension.swift */,
				0C136CDF293B656000984E22 /* String+Extension.swift */,
				0C136CE1293B658600984E22 /* Int+Extension.swift */,
				0C136CE3293B65E000984E22 /* Optional+Extension.swift */,
			);
			path = Extension;
			sourceTree = "<group>";
		};
		0C136CD4293B5A8900984E22 /* View */ = {
			isa = PBXGroup;
			children = (
				0C218D49293B8F8F004501CD /* Cell */,
				0C136CD5293B5ABD00984E22 /* MovieDetailView.swift */,
				0C136CDA293B5C8300984E22 /* MovieDetailViewController.swift */,
			);
			path = View;
			sourceTree = "<group>";
		};
		0C136CD7293B5BD800984E22 /* ViewModel */ = {
			isa = PBXGroup;
			children = (
				0C136CD8293B5BF300984E22 /* MoviesDetailViewModel.swift */,
			);
			path = ViewModel;
			sourceTree = "<group>";
		};
		0C136CDC293B64BB00984E22 /* Constans */ = {
			isa = PBXGroup;
			children = (
				0C136CDD293B64CC00984E22 /* NetworkConstans.swift */,
			);
			path = Constans;
			sourceTree = "<group>";
		};
		0C136CE5293B69AD00984E22 /* Service */ = {
			isa = PBXGroup;
			children = (
				0CA1579C293B6A0C004D89ED /* Service.swift */,
			);
			path = Service;
			sourceTree = "<group>";
		};
		0C218D49293B8F8F004501CD /* Cell */ = {
			isa = PBXGroup;
			children = (
				0C218D4A293B8FA5004501CD /* MoviesCollectionViewCell.swift */,
			);
			path = Cell;
			sourceTree = "<group>";
		};
		0CA3EC5D293AB8FA0040CA3F = {
			isa = PBXGroup;
			children = (
				0CA3EC68293AB8FA0040CA3F /* MoviesApp */,
				0CA3EC67293AB8FA0040CA3F /* Products */,
			);
			sourceTree = "<group>";
		};
		0CA3EC67293AB8FA0040CA3F /* Products */ = {
			isa = PBXGroup;
			children = (
				0CA3EC66293AB8FA0040CA3F /* MoviesApp.app */,
			);
			name = Products;
			sourceTree = "<group>";
		};
		0CA3EC68293AB8FA0040CA3F /* MoviesApp */ = {
			isa = PBXGroup;
			children = (
				0C136CCA293B478100984E22 /* Helper */,
				0CA3EC8D293ABD540040CA3F /* Scene */,
				0CA3EC7D293AB9AA0040CA3F /* Network */,
				0CA3EC69293AB8FA0040CA3F /* AppDelegate.swift */,
				0CA3EC6B293AB8FA0040CA3F /* SceneDelegate.swift */,
				0CA3EC72293AB8FE0040CA3F /* Assets.xcassets */,
				0CA3EC74293AB8FE0040CA3F /* LaunchScreen.storyboard */,
				0CA3EC77293AB8FE0040CA3F /* Info.plist */,
				0C218D57293BCAC9004501CD /* GoogleService-Info.plist */,
			);
			path = MoviesApp;
			sourceTree = "<group>";
		};
		0CA3EC7D293AB9AA0040CA3F /* Network */ = {
			isa = PBXGroup;
			children = (
				0C136CE5293B69AD00984E22 /* Service */,
				0CA3EC7E293AB9B20040CA3F /* Core */,
				0CA3EC7F293AB9BA0040CA3F /* Request */,
				0CA3EC80293AB9C30040CA3F /* MoviesDetail */,
			);
			path = Network;
			sourceTree = "<group>";
		};
		0CA3EC7E293AB9B20040CA3F /* Core */ = {
			isa = PBXGroup;
			children = (
				0CA3EC82293ABA3D0040CA3F /* BaseNetworkManager.swift */,
				0CA3EC87293ABA970040CA3F /* BaseHelper.swift */,
			);
			path = Core;
			sourceTree = "<group>";
		};
		0CA3EC7F293AB9BA0040CA3F /* Request */ = {
			isa = PBXGroup;
			children = (
				0CA3EC96293ABEFF0040CA3F /* MovieDetailRequest.swift */,
				0CA3EC89293ABC0E0040CA3F /* MovieUpcomingRequest.swift */,
				0C218D47293B8AEE004501CD /* MovieSimilarRequest.swift */,
				0C218D50293BB1F1004501CD /* MovieSearchRequest.swift */,
			);
			path = Request;
			sourceTree = "<group>";
		};
		0CA3EC80293AB9C30040CA3F /* MoviesDetail */ = {
			isa = PBXGroup;
			children = (
				0CA3EC98293ABF7D0040CA3F /* MoviesDetailManager.swift */,
			);
			path = MoviesDetail;
			sourceTree = "<group>";
		};
		0CA3EC8D293ABD540040CA3F /* Scene */ = {
			isa = PBXGroup;
			children = (
				0CA3EC8F293ABD650040CA3F /* MovieDetail */,
				0CA3EC8E293ABD5F0040CA3F /* Movies */,
			);
			path = Scene;
			sourceTree = "<group>";
		};
		0CA3EC8E293ABD5F0040CA3F /* Movies */ = {
			isa = PBXGroup;
			children = (
				0C136CB9293AC5EA00984E22 /* View */,
				0C136CBA293AC80E00984E22 /* ViewModel */,
				0CA3EC90293ABD700040CA3F /* Model */,
			);
			path = Movies;
			sourceTree = "<group>";
		};
		0CA3EC8F293ABD650040CA3F /* MovieDetail */ = {
			isa = PBXGroup;
			children = (
				0C136CD7293B5BD800984E22 /* ViewModel */,
				0C136CD4293B5A8900984E22 /* View */,
				0CA3EC93293ABDE20040CA3F /* Model */,
			);
			path = MovieDetail;
			sourceTree = "<group>";
		};
		0CA3EC90293ABD700040CA3F /* Model */ = {
			isa = PBXGroup;
			children = (
				0CA3EC91293ABDB80040CA3F /* Movie.swift */,
			);
			path = Model;
			sourceTree = "<group>";
		};
		0CA3EC93293ABDE20040CA3F /* Model */ = {
			isa = PBXGroup;
			children = (
				0CA3EC94293ABE850040CA3F /* MovieDetail.swift */,
			);
			path = Model;
			sourceTree = "<group>";
		};
/* End PBXGroup section */

/* Begin PBXNativeTarget section */
		0CA3EC65293AB8FA0040CA3F /* MoviesApp */ = {
			isa = PBXNativeTarget;
			buildConfigurationList = 0CA3EC7A293AB8FE0040CA3F /* Build configuration list for PBXNativeTarget "MoviesApp" */;
			buildPhases = (
				0CA3EC62293AB8FA0040CA3F /* Sources */,
				0CA3EC63293AB8FA0040CA3F /* Frameworks */,
				0CA3EC64293AB8FA0040CA3F /* Resources */,
			);
			buildRules = (
			);
			dependencies = (
			);
			name = MoviesApp;
			packageProductDependencies = (
				0C218D3D293B7109004501CD /* Kingfisher */,
				0C218D40293B713E004501CD /* Alamofire */,
				0C218D43293B716C004501CD /* SnapKit */,
				0C218D53293BC874004501CD /* FirebaseAnalytics */,
				0C218D55293BC874004501CD /* FirebaseRemoteConfig */,
			);
			productName = MoviesApp;
			productReference = 0CA3EC66293AB8FA0040CA3F /* MoviesApp.app */;
			productType = "com.apple.product-type.application";
		};
/* End PBXNativeTarget section */

/* Begin PBXProject section */
		0CA3EC5E293AB8FA0040CA3F /* Project object */ = {
			isa = PBXProject;
			attributes = {
				BuildIndependentTargetsInParallel = 1;
				LastSwiftUpdateCheck = 1320;
				LastUpgradeCheck = 1320;
				TargetAttributes = {
					0CA3EC65293AB8FA0040CA3F = {
						CreatedOnToolsVersion = 13.2.1;
					};
				};
			};
			buildConfigurationList = 0CA3EC61293AB8FA0040CA3F /* Build configuration list for PBXProject "MoviesApp" */;
			compatibilityVersion = "Xcode 13.0";
			developmentRegion = en;
			hasScannedForEncodings = 0;
			knownRegions = (
				en,
				Base,
			);
			mainGroup = 0CA3EC5D293AB8FA0040CA3F;
			packageReferences = (
				0C218D3C293B7109004501CD /* XCRemoteSwiftPackageReference "Kingfisher" */,
				0C218D3F293B713E004501CD /* XCRemoteSwiftPackageReference "Alamofire" */,
				0C218D42293B716C004501CD /* XCRemoteSwiftPackageReference "SnapKit" */,
				0C218D52293BC874004501CD /* XCRemoteSwiftPackageReference "firebase-ios-sdk" */,
			);
			productRefGroup = 0CA3EC67293AB8FA0040CA3F /* Products */;
			projectDirPath = "";
			projectRoot = "";
			targets = (
				0CA3EC65293AB8FA0040CA3F /* MoviesApp */,
			);
		};
/* End PBXProject section */

/* Begin PBXResourcesBuildPhase section */
		0CA3EC64293AB8FA0040CA3F /* Resources */ = {
			isa = PBXResourcesBuildPhase;
			buildActionMask = 2147483647;
			files = (
				0CA3EC76293AB8FE0040CA3F /* LaunchScreen.storyboard in Resources */,
				0CA3EC73293AB8FE0040CA3F /* Assets.xcassets in Resources */,
				0C218D58293BCAC9004501CD /* GoogleService-Info.plist in Resources */,
			);
			runOnlyForDeploymentPostprocessing = 0;
		};
/* End PBXResourcesBuildPhase section */

/* Begin PBXSourcesBuildPhase section */
		0CA3EC62293AB8FA0040CA3F /* Sources */ = {
			isa = PBXSourcesBuildPhase;
			buildActionMask = 2147483647;
			files = (
				0CA3EC8A293ABC0E0040CA3F /* MovieUpcomingRequest.swift in Sources */,
				0C136CD3293B529600984E22 /* Reachability.swift in Sources */,
				0C136CD1293B4FB400984E22 /* MovieTableViewCell.swift in Sources */,
				0CA3EC88293ABA970040CA3F /* BaseHelper.swift in Sources */,
				0CA3EC95293ABE850040CA3F /* MovieDetail.swift in Sources */,
				0CA3EC6A293AB8FA0040CA3F /* AppDelegate.swift in Sources */,
				0C136CDE293B64CC00984E22 /* NetworkConstans.swift in Sources */,
				0C136CE2293B658600984E22 /* Int+Extension.swift in Sources */,
				0C136CD9293B5BF300984E22 /* MoviesDetailViewModel.swift in Sources */,
				0CA3EC99293ABF7D0040CA3F /* MoviesDetailManager.swift in Sources */,
				0C136CD6293B5ABD00984E22 /* MovieDetailView.swift in Sources */,
				0CA3EC83293ABA3D0040CA3F /* BaseNetworkManager.swift in Sources */,
				0CA3EC6C293AB8FA0040CA3F /* SceneDelegate.swift in Sources */,
				0C136CBC293AC82A00984E22 /* MoviesViewModel.swift in Sources */,
				0C136CE0293B656000984E22 /* String+Extension.swift in Sources */,
				0CA3EC92293ABDB80040CA3F /* Movie.swift in Sources */,
				0C136CCD293B47AE00984E22 /* DateFormatter+Extension.swift in Sources */,
				0CA3EC97293ABEFF0040CA3F /* MovieDetailRequest.swift in Sources */,
				0C218D51293BB1F1004501CD /* MovieSearchRequest.swift in Sources */,
				0C136CDB293B5C8300984E22 /* MovieDetailViewController.swift in Sources */,
				0CA1579D293B6A0C004D89ED /* Service.swift in Sources */,
				0C136CCF293B4B6400984E22 /* MoviesViewController.swift in Sources */,
				0C218D46293B7551004501CD /* MoviesView.swift in Sources */,
				0C218D48293B8AEE004501CD /* MovieSimilarRequest.swift in Sources */,
				0C136CE4293B65E000984E22 /* Optional+Extension.swift in Sources */,
				0C218D4B293B8FA5004501CD /* MoviesCollectionViewCell.swift in Sources */,
			);
			runOnlyForDeploymentPostprocessing = 0;
		};
/* End PBXSourcesBuildPhase section */

/* Begin PBXVariantGroup section */
		0CA3EC74293AB8FE0040CA3F /* LaunchScreen.storyboard */ = {
			isa = PBXVariantGroup;
			children = (
				0CA3EC75293AB8FE0040CA3F /* Base */,
			);
			name = LaunchScreen.storyboard;
			sourceTree = "<group>";
		};
/* End PBXVariantGroup section */

/* Begin XCBuildConfiguration section */
		0CA3EC78293AB8FE0040CA3F /* Debug */ = {
			isa = XCBuildConfiguration;
			buildSettings = {
				ALWAYS_SEARCH_USER_PATHS = NO;
				CLANG_ANALYZER_NONNULL = YES;
				CLANG_ANALYZER_NUMBER_OBJECT_CONVERSION = YES_AGGRESSIVE;
				CLANG_CXX_LANGUAGE_STANDARD = "gnu++17";
				CLANG_CXX_LIBRARY = "libc++";
				CLANG_ENABLE_MODULES = YES;
				CLANG_ENABLE_OBJC_ARC = YES;
				CLANG_ENABLE_OBJC_WEAK = YES;
				CLANG_WARN_BLOCK_CAPTURE_AUTORELEASING = YES;
				CLANG_WARN_BOOL_CONVERSION = YES;
				CLANG_WARN_COMMA = YES;
				CLANG_WARN_CONSTANT_CONVERSION = YES;
				CLANG_WARN_DEPRECATED_OBJC_IMPLEMENTATIONS = YES;
				CLANG_WARN_DIRECT_OBJC_ISA_USAGE = YES_ERROR;
				CLANG_WARN_DOCUMENTATION_COMMENTS = YES;
				CLANG_WARN_EMPTY_BODY = YES;
				CLANG_WARN_ENUM_CONVERSION = YES;
				CLANG_WARN_INFINITE_RECURSION = YES;
				CLANG_WARN_INT_CONVERSION = YES;
				CLANG_WARN_NON_LITERAL_NULL_CONVERSION = YES;
				CLANG_WARN_OBJC_IMPLICIT_RETAIN_SELF = YES;
				CLANG_WARN_OBJC_LITERAL_CONVERSION = YES;
				CLANG_WARN_OBJC_ROOT_CLASS = YES_ERROR;
				CLANG_WARN_QUOTED_INCLUDE_IN_FRAMEWORK_HEADER = YES;
				CLANG_WARN_RANGE_LOOP_ANALYSIS = YES;
				CLANG_WARN_STRICT_PROTOTYPES = YES;
				CLANG_WARN_SUSPICIOUS_MOVE = YES;
				CLANG_WARN_UNGUARDED_AVAILABILITY = YES_AGGRESSIVE;
				CLANG_WARN_UNREACHABLE_CODE = YES;
				CLANG_WARN__DUPLICATE_METHOD_MATCH = YES;
				COPY_PHASE_STRIP = NO;
				DEBUG_INFORMATION_FORMAT = dwarf;
				ENABLE_STRICT_OBJC_MSGSEND = YES;
				ENABLE_TESTABILITY = YES;
				GCC_C_LANGUAGE_STANDARD = gnu11;
				GCC_DYNAMIC_NO_PIC = NO;
				GCC_NO_COMMON_BLOCKS = YES;
				GCC_OPTIMIZATION_LEVEL = 0;
				GCC_PREPROCESSOR_DEFINITIONS = (
					"DEBUG=1",
					"$(inherited)",
				);
				GCC_WARN_64_TO_32_BIT_CONVERSION = YES;
				GCC_WARN_ABOUT_RETURN_TYPE = YES_ERROR;
				GCC_WARN_UNDECLARED_SELECTOR = YES;
				GCC_WARN_UNINITIALIZED_AUTOS = YES_AGGRESSIVE;
				GCC_WARN_UNUSED_FUNCTION = YES;
				GCC_WARN_UNUSED_VARIABLE = YES;
				IPHONEOS_DEPLOYMENT_TARGET = 15.2;
				MTL_ENABLE_DEBUG_INFO = INCLUDE_SOURCE;
				MTL_FAST_MATH = YES;
				ONLY_ACTIVE_ARCH = YES;
				SDKROOT = iphoneos;
				SWIFT_ACTIVE_COMPILATION_CONDITIONS = DEBUG;
				SWIFT_OPTIMIZATION_LEVEL = "-Onone";
			};
			name = Debug;
		};
		0CA3EC79293AB8FE0040CA3F /* Release */ = {
			isa = XCBuildConfiguration;
			buildSettings = {
				ALWAYS_SEARCH_USER_PATHS = NO;
				CLANG_ANALYZER_NONNULL = YES;
				CLANG_ANALYZER_NUMBER_OBJECT_CONVERSION = YES_AGGRESSIVE;
				CLANG_CXX_LANGUAGE_STANDARD = "gnu++17";
				CLANG_CXX_LIBRARY = "libc++";
				CLANG_ENABLE_MODULES = YES;
				CLANG_ENABLE_OBJC_ARC = YES;
				CLANG_ENABLE_OBJC_WEAK = YES;
				CLANG_WARN_BLOCK_CAPTURE_AUTORELEASING = YES;
				CLANG_WARN_BOOL_CONVERSION = YES;
				CLANG_WARN_COMMA = YES;
				CLANG_WARN_CONSTANT_CONVERSION = YES;
				CLANG_WARN_DEPRECATED_OBJC_IMPLEMENTATIONS = YES;
				CLANG_WARN_DIRECT_OBJC_ISA_USAGE = YES_ERROR;
				CLANG_WARN_DOCUMENTATION_COMMENTS = YES;
				CLANG_WARN_EMPTY_BODY = YES;
				CLANG_WARN_ENUM_CONVERSION = YES;
				CLANG_WARN_INFINITE_RECURSION = YES;
				CLANG_WARN_INT_CONVERSION = YES;
				CLANG_WARN_NON_LITERAL_NULL_CONVERSION = YES;
				CLANG_WARN_OBJC_IMPLICIT_RETAIN_SELF = YES;
				CLANG_WARN_OBJC_LITERAL_CONVERSION = YES;
				CLANG_WARN_OBJC_ROOT_CLASS = YES_ERROR;
				CLANG_WARN_QUOTED_INCLUDE_IN_FRAMEWORK_HEADER = YES;
				CLANG_WARN_RANGE_LOOP_ANALYSIS = YES;
				CLANG_WARN_STRICT_PROTOTYPES = YES;
				CLANG_WARN_SUSPICIOUS_MOVE = YES;
				CLANG_WARN_UNGUARDED_AVAILABILITY = YES_AGGRESSIVE;
				CLANG_WARN_UNREACHABLE_CODE = YES;
				CLANG_WARN__DUPLICATE_METHOD_MATCH = YES;
				COPY_PHASE_STRIP = NO;
				DEBUG_INFORMATION_FORMAT = "dwarf-with-dsym";
				ENABLE_NS_ASSERTIONS = NO;
				ENABLE_STRICT_OBJC_MSGSEND = YES;
				GCC_C_LANGUAGE_STANDARD = gnu11;
				GCC_NO_COMMON_BLOCKS = YES;
				GCC_WARN_64_TO_32_BIT_CONVERSION = YES;
				GCC_WARN_ABOUT_RETURN_TYPE = YES_ERROR;
				GCC_WARN_UNDECLARED_SELECTOR = YES;
				GCC_WARN_UNINITIALIZED_AUTOS = YES_AGGRESSIVE;
				GCC_WARN_UNUSED_FUNCTION = YES;
				GCC_WARN_UNUSED_VARIABLE = YES;
				IPHONEOS_DEPLOYMENT_TARGET = 15.2;
				MTL_ENABLE_DEBUG_INFO = NO;
				MTL_FAST_MATH = YES;
				SDKROOT = iphoneos;
				SWIFT_COMPILATION_MODE = wholemodule;
				SWIFT_OPTIMIZATION_LEVEL = "-O";
				VALIDATE_PRODUCT = YES;
			};
			name = Release;
		};
		0CA3EC7B293AB8FE0040CA3F /* Debug */ = {
			isa = XCBuildConfiguration;
			buildSettings = {
				ASSETCATALOG_COMPILER_APPICON_NAME = AppIcon;
				ASSETCATALOG_COMPILER_GLOBAL_ACCENT_COLOR_NAME = AccentColor;
				CODE_SIGN_STYLE = Automatic;
				CURRENT_PROJECT_VERSION = 1;
				DEVELOPMENT_TEAM = Y3RD9XZC35;
				GENERATE_INFOPLIST_FILE = YES;
				INFOPLIST_FILE = MoviesApp/Info.plist;
				INFOPLIST_KEY_UIApplicationSupportsIndirectInputEvents = YES;
				INFOPLIST_KEY_UILaunchStoryboardName = LaunchScreen;
				INFOPLIST_KEY_UISupportedInterfaceOrientations_iPad = "UIInterfaceOrientationPortrait UIInterfaceOrientationPortraitUpsideDown UIInterfaceOrientationLandscapeLeft UIInterfaceOrientationLandscapeRight";
				INFOPLIST_KEY_UISupportedInterfaceOrientations_iPhone = "UIInterfaceOrientationPortrait UIInterfaceOrientationLandscapeLeft UIInterfaceOrientationLandscapeRight";
				IPHONEOS_DEPLOYMENT_TARGET = 13.0;
				LD_RUNPATH_SEARCH_PATHS = (
					"$(inherited)",
					"@executable_path/Frameworks",
				);
				MARKETING_VERSION = 1.0;
				OTHER_LDFLAGS = (
					"$(inherited)",
					"-ObjC",
					"-framework",
					"\"SystemConfiguration\"",
					"-framework",
					"\"UIKit\"",
				);
				PRODUCT_BUNDLE_IDENTIFIER = ISMAIL.PALALI.MoviesApp;
				PRODUCT_NAME = "$(TARGET_NAME)";
				SWIFT_EMIT_LOC_STRINGS = YES;
				SWIFT_VERSION = 5.0;
				TARGETED_DEVICE_FAMILY = 1;
			};
			name = Debug;
		};
		0CA3EC7C293AB8FE0040CA3F /* Release */ = {
			isa = XCBuildConfiguration;
			buildSettings = {
				ASSETCATALOG_COMPILER_APPICON_NAME = AppIcon;
				ASSETCATALOG_COMPILER_GLOBAL_ACCENT_COLOR_NAME = AccentColor;
				CODE_SIGN_STYLE = Automatic;
				CURRENT_PROJECT_VERSION = 1;
				DEVELOPMENT_TEAM = Y3RD9XZC35;
				GENERATE_INFOPLIST_FILE = YES;
				INFOPLIST_FILE = MoviesApp/Info.plist;
				INFOPLIST_KEY_UIApplicationSupportsIndirectInputEvents = YES;
				INFOPLIST_KEY_UILaunchStoryboardName = LaunchScreen;
				INFOPLIST_KEY_UISupportedInterfaceOrientations_iPad = "UIInterfaceOrientationPortrait UIInterfaceOrientationPortraitUpsideDown UIInterfaceOrientationLandscapeLeft UIInterfaceOrientationLandscapeRight";
				INFOPLIST_KEY_UISupportedInterfaceOrientations_iPhone = "UIInterfaceOrientationPortrait UIInterfaceOrientationLandscapeLeft UIInterfaceOrientationLandscapeRight";
				IPHONEOS_DEPLOYMENT_TARGET = 13.0;
				LD_RUNPATH_SEARCH_PATHS = (
					"$(inherited)",
					"@executable_path/Frameworks",
				);
				MARKETING_VERSION = 1.0;
				OTHER_LDFLAGS = (
					"$(inherited)",
					"-ObjC",
					"-framework",
					"\"SystemConfiguration\"",
					"-framework",
					"\"UIKit\"",
				);
				PRODUCT_BUNDLE_IDENTIFIER = ISMAIL.PALALI.MoviesApp;
				PRODUCT_NAME = "$(TARGET_NAME)";
				SWIFT_EMIT_LOC_STRINGS = YES;
				SWIFT_VERSION = 5.0;
				TARGETED_DEVICE_FAMILY = 1;
			};
			name = Release;
		};
/* End XCBuildConfiguration section */

/* Begin XCConfigurationList section */
		0CA3EC61293AB8FA0040CA3F /* Build configuration list for PBXProject "MoviesApp" */ = {
			isa = XCConfigurationList;
			buildConfigurations = (
				0CA3EC78293AB8FE0040CA3F /* Debug */,
				0CA3EC79293AB8FE0040CA3F /* Release */,
			);
			defaultConfigurationIsVisible = 0;
			defaultConfigurationName = Release;
		};
		0CA3EC7A293AB8FE0040CA3F /* Build configuration list for PBXNativeTarget "MoviesApp" */ = {
			isa = XCConfigurationList;
			buildConfigurations = (
				0CA3EC7B293AB8FE0040CA3F /* Debug */,
				0CA3EC7C293AB8FE0040CA3F /* Release */,
			);
			defaultConfigurationIsVisible = 0;
			defaultConfigurationName = Release;
		};
/* End XCConfigurationList section */

/* Begin XCRemoteSwiftPackageReference section */
		0C218D3C293B7109004501CD /* XCRemoteSwiftPackageReference "Kingfisher" */ = {
			isa = XCRemoteSwiftPackageReference;
			repositoryURL = "https://github.com/onevcat/Kingfisher";
			requirement = {
				kind = upToNextMajorVersion;
				minimumVersion = 7.0.0;
			};
		};
		0C218D3F293B713E004501CD /* XCRemoteSwiftPackageReference "Alamofire" */ = {
			isa = XCRemoteSwiftPackageReference;
			repositoryURL = "https://github.com/Alamofire/Alamofire";
			requirement = {
				kind = upToNextMajorVersion;
				minimumVersion = 5.0.0;
			};
		};
		0C218D42293B716C004501CD /* XCRemoteSwiftPackageReference "SnapKit" */ = {
			isa = XCRemoteSwiftPackageReference;
			repositoryURL = "https://github.com/SnapKit/SnapKit";
			requirement = {
				kind = upToNextMajorVersion;
				minimumVersion = 5.0.0;
			};
		};
		0C218D52293BC874004501CD /* XCRemoteSwiftPackageReference "firebase-ios-sdk" */ = {
			isa = XCRemoteSwiftPackageReference;
			repositoryURL = "https://github.com/firebase/firebase-ios-sdk";
			requirement = {
				branch = master;
				kind = branch;
			};
		};
/* End XCRemoteSwiftPackageReference section */

/* Begin XCSwiftPackageProductDependency section */
		0C218D3D293B7109004501CD /* Kingfisher */ = {
			isa = XCSwiftPackageProductDependency;
			package = 0C218D3C293B7109004501CD /* XCRemoteSwiftPackageReference "Kingfisher" */;
			productName = Kingfisher;
		};
		0C218D40293B713E004501CD /* Alamofire */ = {
			isa = XCSwiftPackageProductDependency;
			package = 0C218D3F293B713E004501CD /* XCRemoteSwiftPackageReference "Alamofire" */;
			productName = Alamofire;
		};
		0C218D43293B716C004501CD /* SnapKit */ = {
			isa = XCSwiftPackageProductDependency;
			package = 0C218D42293B716C004501CD /* XCRemoteSwiftPackageReference "SnapKit" */;
			productName = SnapKit;
		};
		0C218D53293BC874004501CD /* FirebaseAnalytics */ = {
			isa = XCSwiftPackageProductDependency;
			package = 0C218D52293BC874004501CD /* XCRemoteSwiftPackageReference "firebase-ios-sdk" */;
			productName = FirebaseAnalytics;
		};
		0C218D55293BC874004501CD /* FirebaseRemoteConfig */ = {
			isa = XCSwiftPackageProductDependency;
			package = 0C218D52293BC874004501CD /* XCRemoteSwiftPackageReference "firebase-ios-sdk" */;
			productName = FirebaseRemoteConfig;
		};
/* End XCSwiftPackageProductDependency section */
	};
	rootObject = 0CA3EC5E293AB8FA0040CA3F /* Project object */;
}
